
Microsoft Visual Studio Solution File, Format Version 12.00
# Visual Studio Version 17
VisualStudioVersion = 17.0.31903.59
MinimumVisualStudioVersion = 10.0.40219.1
Project("{2150E333-8FDC-42A3-9474-1A3956D46DE8}") = "src", "src", "{139FBF7B-CB9B-43D1-91CF-0FC6B429C53F}"
EndProject
Project("{FAE04EC0-301F-11D3-BF4B-00C04F79EFBC}") = "RocketAuction.Api", "src\RocketAuction.Api\RocketAuction.Api.csproj", "{C710E9C6-786C-4227-9EB0-65C9C2D55F7E}"
EndProject
Global
	GlobalSection(SolutionConfigurationPlatforms) = preSolution
		Debug|Any CPU = Debug|Any CPU
		Release|Any CPU = Release|Any CPU
	EndGlobalSection
	GlobalSection(ProjectConfigurationPlatforms) = postSolution
		{C710E9C6-786C-4227-9EB0-65C9C2D55F7E}.Debug|Any CPU.ActiveCfg = Debug|Any CPU
		{C710E9C6-786C-4227-9EB0-65C9C2D55F7E}.Debug|Any CPU.Build.0 = Debug|Any CPU
		{C710E9C6-786C-4227-9EB0-65C9C2D55F7E}.Release|Any CPU.ActiveCfg = Release|Any CPU
		{C710E9C6-786C-4227-9EB0-65C9C2D55F7E}.Release|Any CPU.Build.0 = Release|Any CPU
	EndGlobalSection
	GlobalSection(SolutionProperties) = preSolution
		HideSolutionNode = FALSE
	EndGlobalSection
	GlobalSection(NestedProjects) = preSolution
		{C710E9C6-786C-4227-9EB0-65C9C2D55F7E} = {139FBF7B-CB9B-43D1-91CF-0FC6B429C53F}
	EndGlobalSection
EndGlobal
